
Microsoft Visual Studio Solution File, Format Version 12.00
# Visual Studio 15
VisualStudioVersion = 15.0.28307.421
MinimumVisualStudioVersion = 10.0.40219.1
Project("{9A19103F-16F7-4668-BE54-9A1E7A4F7556}") = "IrisPredictionTutorial", "IrisPredictionTutorial\IrisPredictionTutorial.csproj", "{BAE2C44C-4C37-469D-B6FE-234552C13E56}"
EndProject
Project("{9A19103F-16F7-4668-BE54-9A1E7A4F7556}") = "SentimentAnalysis", "SentimentAnalysis\SentimentAnalysis.csproj", "{743353A5-94E1-4835-A099-9878889F3870}"
EndProject
Project("{2150E333-8FDC-42A3-9474-1A3956D46DE8}") = "Binary Classification", "Binary Classification", "{247E7BCF-9415-4C48-995A-E6DFEF3018A8}"
EndProject
Project("{2150E333-8FDC-42A3-9474-1A3956D46DE8}") = "Multi-class Classification", "Multi-class Classification", "{6BAF6400-2FD9-4A21-9F18-98E78B65FF85}"
EndProject
Project("{2150E333-8FDC-42A3-9474-1A3956D46DE8}") = "Regression", "Regression", "{3FB38D72-3C67-47F1-B5DB-42BA6F705915}"
EndProject
Project("{2150E333-8FDC-42A3-9474-1A3956D46DE8}") = "Recommendation", "Recommendation", "{B04FB713-6CD7-483E-9885-3B6F921A0695}"
EndProject
Project("{2150E333-8FDC-42A3-9474-1A3956D46DE8}") = "Clustering", "Clustering", "{0841CCA7-B0C6-4ADF-8B2D-9090651CB6DE}"
EndProject
Project("{2150E333-8FDC-42A3-9474-1A3956D46DE8}") = "Anomaly Detection", "Anomaly Detection", "{8EE25A29-BEC8-4779-84F1-C32484AE4274}"
EndProject
Project("{2150E333-8FDC-42A3-9474-1A3956D46DE8}") = "Ranking", "Ranking", "{47AE1CB5-C21C-48C7-B9F0-890B53ECEBFB}"
EndProject
Project("{2150E333-8FDC-42A3-9474-1A3956D46DE8}") = "Deep Learning", "Deep Learning", "{B13B768E-0E2B-4807-AF94-B9B62530E05F}"
EndProject
Project("{9A19103F-16F7-4668-BE54-9A1E7A4F7556}") = "Common", "Common\Common.csproj", "{B1C69F72-556D-4ED9-9D79-BD94698736D2}"
EndProject
Project("{2150E333-8FDC-42A3-9474-1A3956D46DE8}") = "!Document", "!Document", "{FC738436-1F87-4886-BEB1-DB097E6E9588}"
	ProjectSection(SolutionItems) = preProject
		README.md = README.md
	EndProjectSection
EndProject
Global
	GlobalSection(SolutionConfigurationPlatforms) = preSolution
		Debug|Any CPU = Debug|Any CPU
		Release|Any CPU = Release|Any CPU
	EndGlobalSection
	GlobalSection(ProjectConfigurationPlatforms) = postSolution
		{BAE2C44C-4C37-469D-B6FE-234552C13E56}.Debug|Any CPU.ActiveCfg = Debug|Any CPU
		{BAE2C44C-4C37-469D-B6FE-234552C13E56}.Debug|Any CPU.Build.0 = Debug|Any CPU
		{BAE2C44C-4C37-469D-B6FE-234552C13E56}.Release|Any CPU.ActiveCfg = Release|Any CPU
		{BAE2C44C-4C37-469D-B6FE-234552C13E56}.Release|Any CPU.Build.0 = Release|Any CPU
		{743353A5-94E1-4835-A099-9878889F3870}.Debug|Any CPU.ActiveCfg = Debug|Any CPU
		{743353A5-94E1-4835-A099-9878889F3870}.Debug|Any CPU.Build.0 = Debug|Any CPU
		{743353A5-94E1-4835-A099-9878889F3870}.Release|Any CPU.ActiveCfg = Release|Any CPU
		{743353A5-94E1-4835-A099-9878889F3870}.Release|Any CPU.Build.0 = Release|Any CPU
		{B1C69F72-556D-4ED9-9D79-BD94698736D2}.Debug|Any CPU.ActiveCfg = Debug|Any CPU
		{B1C69F72-556D-4ED9-9D79-BD94698736D2}.Debug|Any CPU.Build.0 = Debug|Any CPU
		{B1C69F72-556D-4ED9-9D79-BD94698736D2}.Release|Any CPU.ActiveCfg = Release|Any CPU
		{B1C69F72-556D-4ED9-9D79-BD94698736D2}.Release|Any CPU.Build.0 = Release|Any CPU
	EndGlobalSection
	GlobalSection(SolutionProperties) = preSolution
		HideSolutionNode = FALSE
	EndGlobalSection
	GlobalSection(NestedProjects) = preSolution
		{BAE2C44C-4C37-469D-B6FE-234552C13E56} = {6BAF6400-2FD9-4A21-9F18-98E78B65FF85}
		{743353A5-94E1-4835-A099-9878889F3870} = {247E7BCF-9415-4C48-995A-E6DFEF3018A8}
	EndGlobalSection
	GlobalSection(ExtensibilityGlobals) = postSolution
		SolutionGuid = {46D30FE3-97A7-40FC-93FF-17BC24CE68CC}
	EndGlobalSection
EndGlobal
