
Microsoft Visual Studio Solution File, Format Version 12.00
# Visual Studio 15
VisualStudioVersion = 15.0.28307.421
MinimumVisualStudioVersion = 10.0.40219.1
Project("{FAE04EC0-301F-11D3-BF4B-00C04F79EFBC}") = "IrisPredictionTutorial", "IrisPredictionTutorial\IrisPredictionTutorial.csproj", "{BAE2C44C-4C37-469D-B6FE-234552C13E56}"
EndProject
Global
	GlobalSection(SolutionConfigurationPlatforms) = preSolution
		Debug|Any CPU = Debug|Any CPU
		Release|Any CPU = Release|Any CPU
	EndGlobalSection
	GlobalSection(ProjectConfigurationPlatforms) = postSolution
		{BAE2C44C-4C37-469D-B6FE-234552C13E56}.Debug|Any CPU.ActiveCfg = Debug|Any CPU
		{BAE2C44C-4C37-469D-B6FE-234552C13E56}.Debug|Any CPU.Build.0 = Debug|Any CPU
		{BAE2C44C-4C37-469D-B6FE-234552C13E56}.Release|Any CPU.ActiveCfg = Release|Any CPU
		{BAE2C44C-4C37-469D-B6FE-234552C13E56}.Release|Any CPU.Build.0 = Release|Any CPU
	EndGlobalSection
	GlobalSection(SolutionProperties) = preSolution
		HideSolutionNode = FALSE
	EndGlobalSection
	GlobalSection(ExtensibilityGlobals) = postSolution
		SolutionGuid = {46D30FE3-97A7-40FC-93FF-17BC24CE68CC}
	EndGlobalSection
EndGlobal
